
Microsoft Visual Studio Solution File, Format Version 12.00
# Visual Studio Version 17
VisualStudioVersion = 17.7.34302.85
MinimumVisualStudioVersion = 10.0.40219.1
Project("{8BC9CEB8-8B4A-11D0-8D11-00A0C91BC942}") = "Add Stacks", "Add Stacks\Add Stacks.vcxproj", "{A0D344F1-C35F-449F-9BB3-A40FA3EFB89B}"
EndProject
Global
	GlobalSection(SolutionConfigurationPlatforms) = preSolution
		Debug|x64 = Debug|x64
		Debug|x86 = Debug|x86
		Release|x64 = Release|x64
		Release|x86 = Release|x86
	EndGlobalSection
	GlobalSection(ProjectConfigurationPlatforms) = postSolution
		{A0D344F1-C35F-449F-9BB3-A40FA3EFB89B}.Debug|x64.ActiveCfg = Debug|x64
		{A0D344F1-C35F-449F-9BB3-A40FA3EFB89B}.Debug|x64.Build.0 = Debug|x64
		{A0D344F1-C35F-449F-9BB3-A40FA3EFB89B}.Debug|x86.ActiveCfg = Debug|Win32
		{A0D344F1-C35F-449F-9BB3-A40FA3EFB89B}.Debug|x86.Build.0 = Debug|Win32
		{A0D344F1-C35F-449F-9BB3-A40FA3EFB89B}.Release|x64.ActiveCfg = Release|x64
		{A0D344F1-C35F-449F-9BB3-A40FA3EFB89B}.Release|x64.Build.0 = Release|x64
		{A0D344F1-C35F-449F-9BB3-A40FA3EFB89B}.Release|x86.ActiveCfg = Release|Win32
		{A0D344F1-C35F-449F-9BB3-A40FA3EFB89B}.Release|x86.Build.0 = Release|Win32
	EndGlobalSection
	GlobalSection(SolutionProperties) = preSolution
		HideSolutionNode = FALSE
	EndGlobalSection
	GlobalSection(ExtensibilityGlobals) = postSolution
		SolutionGuid = {9B7CCCD8-EBD8-4DF6-9D05-B33CA8C3F589}
	EndGlobalSection
EndGlobal
